
Microsoft Visual Studio Solution File, Format Version 12.00
Project("{FAE04EC0-301F-11D3-BF4B-00C04F79EFBC}") = "IDLib", "IDLib\IDLib.csproj", "{3A2DC730-DD72-4F41-A265-3BE0CFE43DBE}"
EndProject
Project("{FAE04EC0-301F-11D3-BF4B-00C04F79EFBC}") = "Log", "Logger\Log\Log.csproj", "{DD1DAF66-09E6-4BB7-9030-CF3FF8B81C95}"
EndProject
Project("{FAE04EC0-301F-11D3-BF4B-00C04F79EFBC}") = "MemoryUtils", "MemoryUtils\MemoryUtils.csproj", "{89E67F7C-0A04-4CB8-B57D-4F391CE04A77}"
EndProject
Project("{FAE04EC0-301F-11D3-BF4B-00C04F79EFBC}") = "Serializer", "Serializer\Serializer.csproj", "{66E4E1E6-E09E-4AB2-B63C-A83E4BBABC9F}"
EndProject
Project("{FAE04EC0-301F-11D3-BF4B-00C04F79EFBC}") = "Serializer.Extensions", "Serializer.Extensions\Serializer.Extensions.csproj", "{33324760-B27C-4714-B951-DC0B385847C6}"
EndProject
Project("{FAE04EC0-301F-11D3-BF4B-00C04F79EFBC}") = "Utils", "Utils\Utils.csproj", "{6BC7AF0D-F2F1-4330-B869-C1DA69F980F1}"
EndProject
Project("{FAE04EC0-301F-11D3-BF4B-00C04F79EFBC}") = "Transport", "Transport\Transport.csproj", "{5E939E4F-F861-47B7-8EA3-D5264FD35A46}"
EndProject
Project("{FAE04EC0-301F-11D3-BF4B-00C04F79EFBC}") = "Transport.NetSockets", "Transport.NetSockets\Transport.NetSockets.csproj", "{9D0B53D4-5AB0-4E91-A27B-9CFC332283DC}"
EndProject
Project("{FAE04EC0-301F-11D3-BF4B-00C04F79EFBC}") = "Transport.Serializer", "Transport.Serializer\Transport.Serializer.csproj", "{9172931D-F939-4871-97B5-1D748A10B946}"
EndProject
Project("{FAE04EC0-301F-11D3-BF4B-00C04F79EFBC}") = "Transport.Protocols", "Transport.Protocols\Transport.Protocols.csproj", "{144153ED-1E8A-48A3-A6F8-9E53BC84F788}"
EndProject
Project("{FAE04EC0-301F-11D3-BF4B-00C04F79EFBC}") = "SharedCode", "SharedCode\SharedCode.csproj", "{648905FF-C719-4457-94D3-1C500914A88E}"
EndProject
Project("{FAE04EC0-301F-11D3-BF4B-00C04F79EFBC}") = "Protocol", "Protocol\Protocol.csproj", "{576752E3-C8DF-4E5C-A756-BF3EB0714099}"
EndProject
Project("{FAE04EC0-301F-11D3-BF4B-00C04F79EFBC}") = "TransportAnalyzer", "TransportAnalyzer\TransportAnalyzer.csproj", "{9A89D67A-D718-4509-9C6D-CEA954E00F40}"
EndProject
Project("{FAE04EC0-301F-11D3-BF4B-00C04F79EFBC}") = "UnitTest", "UnitTest\UnitTest.csproj", "{33CA11E3-92D3-4014-9BA5-10C6E7439BCF}"
EndProject
Project("{FAE04EC0-301F-11D3-BF4B-00C04F79EFBC}") = "_Chemodan", "_Chemodan\_Chemodan.csproj", "{5EFDEA3E-C1D4-4002-B802-A9B10375EBC5}"
EndProject
Project("{FAE04EC0-301F-11D3-BF4B-00C04F79EFBC}") = "Ionic.Zlib.NETStandard", "Ionic\IOnic.Zlib.NETStandard\Ionic.Zlib.NETStandard.csproj", "{46D7C6B6-215F-4DF8-B044-B508A6F5BE23}"
EndProject
Project("{2150E333-8FDC-42A3-9474-1A3956D46DE8}") = "TMP", "TMP", "{6160EC40-963C-4242-87A9-7EF01E022570}"
EndProject
Project("{FAE04EC0-301F-11D3-BF4B-00C04F79EFBC}") = "UnityUtils.Memory", "UnityUtils.Memory\UnityUtils.Memory.csproj", "{D4232029-5946-4AE0-B257-0D8B27C79879}"
EndProject
Project("{FAE04EC0-301F-11D3-BF4B-00C04F79EFBC}") = "UnityUtils.LifeTime", "UnityUtils.LifeTime\UnityUtils.LifeTime.csproj", "{D4807890-9809-4E2C-964B-A4A7404D4566}"
EndProject
Project("{FAE04EC0-301F-11D3-BF4B-00C04F79EFBC}") = "UnityUtils.Containers", "UnityUtils.Containers\UnityUtils.Containers.csproj", "{52149AB6-91DD-4F7C-85AE-6B2C2EB14115}"
EndProject
Global
	GlobalSection(SolutionConfigurationPlatforms) = preSolution
		Debug|Any CPU = Debug|Any CPU
		Release|Any CPU = Release|Any CPU
	EndGlobalSection
	GlobalSection(ProjectConfigurationPlatforms) = postSolution
		{3A2DC730-DD72-4F41-A265-3BE0CFE43DBE}.Debug|Any CPU.ActiveCfg = Debug|Any CPU
		{3A2DC730-DD72-4F41-A265-3BE0CFE43DBE}.Debug|Any CPU.Build.0 = Debug|Any CPU
		{3A2DC730-DD72-4F41-A265-3BE0CFE43DBE}.Release|Any CPU.ActiveCfg = Release|Any CPU
		{3A2DC730-DD72-4F41-A265-3BE0CFE43DBE}.Release|Any CPU.Build.0 = Release|Any CPU
		{DD1DAF66-09E6-4BB7-9030-CF3FF8B81C95}.Debug|Any CPU.ActiveCfg = Debug|Any CPU
		{DD1DAF66-09E6-4BB7-9030-CF3FF8B81C95}.Debug|Any CPU.Build.0 = Debug|Any CPU
		{DD1DAF66-09E6-4BB7-9030-CF3FF8B81C95}.Release|Any CPU.ActiveCfg = Release|Any CPU
		{DD1DAF66-09E6-4BB7-9030-CF3FF8B81C95}.Release|Any CPU.Build.0 = Release|Any CPU
		{89E67F7C-0A04-4CB8-B57D-4F391CE04A77}.Debug|Any CPU.ActiveCfg = Debug|Any CPU
		{89E67F7C-0A04-4CB8-B57D-4F391CE04A77}.Debug|Any CPU.Build.0 = Debug|Any CPU
		{89E67F7C-0A04-4CB8-B57D-4F391CE04A77}.Release|Any CPU.ActiveCfg = Release|Any CPU
		{89E67F7C-0A04-4CB8-B57D-4F391CE04A77}.Release|Any CPU.Build.0 = Release|Any CPU
		{66E4E1E6-E09E-4AB2-B63C-A83E4BBABC9F}.Debug|Any CPU.ActiveCfg = Debug|Any CPU
		{66E4E1E6-E09E-4AB2-B63C-A83E4BBABC9F}.Debug|Any CPU.Build.0 = Debug|Any CPU
		{66E4E1E6-E09E-4AB2-B63C-A83E4BBABC9F}.Release|Any CPU.ActiveCfg = Release|Any CPU
		{66E4E1E6-E09E-4AB2-B63C-A83E4BBABC9F}.Release|Any CPU.Build.0 = Release|Any CPU
		{33324760-B27C-4714-B951-DC0B385847C6}.Debug|Any CPU.ActiveCfg = Debug|Any CPU
		{33324760-B27C-4714-B951-DC0B385847C6}.Debug|Any CPU.Build.0 = Debug|Any CPU
		{33324760-B27C-4714-B951-DC0B385847C6}.Release|Any CPU.ActiveCfg = Release|Any CPU
		{33324760-B27C-4714-B951-DC0B385847C6}.Release|Any CPU.Build.0 = Release|Any CPU
		{6BC7AF0D-F2F1-4330-B869-C1DA69F980F1}.Debug|Any CPU.ActiveCfg = Debug|Any CPU
		{6BC7AF0D-F2F1-4330-B869-C1DA69F980F1}.Debug|Any CPU.Build.0 = Debug|Any CPU
		{6BC7AF0D-F2F1-4330-B869-C1DA69F980F1}.Release|Any CPU.ActiveCfg = Release|Any CPU
		{6BC7AF0D-F2F1-4330-B869-C1DA69F980F1}.Release|Any CPU.Build.0 = Release|Any CPU
		{5E939E4F-F861-47B7-8EA3-D5264FD35A46}.Debug|Any CPU.ActiveCfg = Debug|Any CPU
		{5E939E4F-F861-47B7-8EA3-D5264FD35A46}.Debug|Any CPU.Build.0 = Debug|Any CPU
		{5E939E4F-F861-47B7-8EA3-D5264FD35A46}.Release|Any CPU.ActiveCfg = Release|Any CPU
		{5E939E4F-F861-47B7-8EA3-D5264FD35A46}.Release|Any CPU.Build.0 = Release|Any CPU
		{9D0B53D4-5AB0-4E91-A27B-9CFC332283DC}.Debug|Any CPU.ActiveCfg = Debug|Any CPU
		{9D0B53D4-5AB0-4E91-A27B-9CFC332283DC}.Debug|Any CPU.Build.0 = Debug|Any CPU
		{9D0B53D4-5AB0-4E91-A27B-9CFC332283DC}.Release|Any CPU.ActiveCfg = Release|Any CPU
		{9D0B53D4-5AB0-4E91-A27B-9CFC332283DC}.Release|Any CPU.Build.0 = Release|Any CPU
		{9172931D-F939-4871-97B5-1D748A10B946}.Debug|Any CPU.ActiveCfg = Debug|Any CPU
		{9172931D-F939-4871-97B5-1D748A10B946}.Debug|Any CPU.Build.0 = Debug|Any CPU
		{9172931D-F939-4871-97B5-1D748A10B946}.Release|Any CPU.ActiveCfg = Release|Any CPU
		{9172931D-F939-4871-97B5-1D748A10B946}.Release|Any CPU.Build.0 = Release|Any CPU
		{144153ED-1E8A-48A3-A6F8-9E53BC84F788}.Debug|Any CPU.ActiveCfg = Debug|Any CPU
		{144153ED-1E8A-48A3-A6F8-9E53BC84F788}.Debug|Any CPU.Build.0 = Debug|Any CPU
		{144153ED-1E8A-48A3-A6F8-9E53BC84F788}.Release|Any CPU.ActiveCfg = Release|Any CPU
		{144153ED-1E8A-48A3-A6F8-9E53BC84F788}.Release|Any CPU.Build.0 = Release|Any CPU
		{648905FF-C719-4457-94D3-1C500914A88E}.Debug|Any CPU.ActiveCfg = Debug|Any CPU
		{648905FF-C719-4457-94D3-1C500914A88E}.Debug|Any CPU.Build.0 = Debug|Any CPU
		{648905FF-C719-4457-94D3-1C500914A88E}.Release|Any CPU.ActiveCfg = Release|Any CPU
		{648905FF-C719-4457-94D3-1C500914A88E}.Release|Any CPU.Build.0 = Release|Any CPU
		{576752E3-C8DF-4E5C-A756-BF3EB0714099}.Debug|Any CPU.ActiveCfg = Debug|Any CPU
		{576752E3-C8DF-4E5C-A756-BF3EB0714099}.Debug|Any CPU.Build.0 = Debug|Any CPU
		{576752E3-C8DF-4E5C-A756-BF3EB0714099}.Release|Any CPU.ActiveCfg = Release|Any CPU
		{576752E3-C8DF-4E5C-A756-BF3EB0714099}.Release|Any CPU.Build.0 = Release|Any CPU
		{9A89D67A-D718-4509-9C6D-CEA954E00F40}.Debug|Any CPU.ActiveCfg = Debug|Any CPU
		{9A89D67A-D718-4509-9C6D-CEA954E00F40}.Debug|Any CPU.Build.0 = Debug|Any CPU
		{9A89D67A-D718-4509-9C6D-CEA954E00F40}.Release|Any CPU.ActiveCfg = Release|Any CPU
		{9A89D67A-D718-4509-9C6D-CEA954E00F40}.Release|Any CPU.Build.0 = Release|Any CPU
		{33CA11E3-92D3-4014-9BA5-10C6E7439BCF}.Debug|Any CPU.ActiveCfg = Debug|Any CPU
		{33CA11E3-92D3-4014-9BA5-10C6E7439BCF}.Debug|Any CPU.Build.0 = Debug|Any CPU
		{33CA11E3-92D3-4014-9BA5-10C6E7439BCF}.Release|Any CPU.ActiveCfg = Release|Any CPU
		{33CA11E3-92D3-4014-9BA5-10C6E7439BCF}.Release|Any CPU.Build.0 = Release|Any CPU
		{5EFDEA3E-C1D4-4002-B802-A9B10375EBC5}.Debug|Any CPU.ActiveCfg = Debug|Any CPU
		{5EFDEA3E-C1D4-4002-B802-A9B10375EBC5}.Debug|Any CPU.Build.0 = Debug|Any CPU
		{5EFDEA3E-C1D4-4002-B802-A9B10375EBC5}.Release|Any CPU.ActiveCfg = Release|Any CPU
		{5EFDEA3E-C1D4-4002-B802-A9B10375EBC5}.Release|Any CPU.Build.0 = Release|Any CPU
		{46D7C6B6-215F-4DF8-B044-B508A6F5BE23}.Debug|Any CPU.ActiveCfg = Debug|Any CPU
		{46D7C6B6-215F-4DF8-B044-B508A6F5BE23}.Debug|Any CPU.Build.0 = Debug|Any CPU
		{46D7C6B6-215F-4DF8-B044-B508A6F5BE23}.Release|Any CPU.ActiveCfg = Release|Any CPU
		{46D7C6B6-215F-4DF8-B044-B508A6F5BE23}.Release|Any CPU.Build.0 = Release|Any CPU
		{D4232029-5946-4AE0-B257-0D8B27C79879}.Debug|Any CPU.ActiveCfg = Debug|Any CPU
		{D4232029-5946-4AE0-B257-0D8B27C79879}.Debug|Any CPU.Build.0 = Debug|Any CPU
		{D4232029-5946-4AE0-B257-0D8B27C79879}.Release|Any CPU.ActiveCfg = Release|Any CPU
		{D4232029-5946-4AE0-B257-0D8B27C79879}.Release|Any CPU.Build.0 = Release|Any CPU
		{D4807890-9809-4E2C-964B-A4A7404D4566}.Debug|Any CPU.ActiveCfg = Debug|Any CPU
		{D4807890-9809-4E2C-964B-A4A7404D4566}.Debug|Any CPU.Build.0 = Debug|Any CPU
		{D4807890-9809-4E2C-964B-A4A7404D4566}.Release|Any CPU.ActiveCfg = Release|Any CPU
		{D4807890-9809-4E2C-964B-A4A7404D4566}.Release|Any CPU.Build.0 = Release|Any CPU
		{52149AB6-91DD-4F7C-85AE-6B2C2EB14115}.Debug|Any CPU.ActiveCfg = Debug|Any CPU
		{52149AB6-91DD-4F7C-85AE-6B2C2EB14115}.Debug|Any CPU.Build.0 = Debug|Any CPU
		{52149AB6-91DD-4F7C-85AE-6B2C2EB14115}.Release|Any CPU.ActiveCfg = Release|Any CPU
		{52149AB6-91DD-4F7C-85AE-6B2C2EB14115}.Release|Any CPU.Build.0 = Release|Any CPU
	EndGlobalSection
	GlobalSection(NestedProjects) = preSolution
		{144153ED-1E8A-48A3-A6F8-9E53BC84F788} = {6160EC40-963C-4242-87A9-7EF01E022570}
		{9172931D-F939-4871-97B5-1D748A10B946} = {6160EC40-963C-4242-87A9-7EF01E022570}
		{648905FF-C719-4457-94D3-1C500914A88E} = {6160EC40-963C-4242-87A9-7EF01E022570}
		{5EFDEA3E-C1D4-4002-B802-A9B10375EBC5} = {6160EC40-963C-4242-87A9-7EF01E022570}
	EndGlobalSection
EndGlobal
